// !$*UTF8*$!
{
	archiveVersion = 1;
	classes = {
	};
	objectVersion = 46;
	objects = {

/* Begin PBXBuildFile section */
		6E6043D31A99741400804AAB /* ToDoViewControllwe.swift in Sources */ = {isa = PBXBuildFile; fileRef = 6E6043D21A99741400804AAB /* ToDoViewControllwe.swift */; };
		6E6043DF1A997E1000804AAB /* Timetable.swift in Sources */ = {isa = PBXBuildFile; fileRef = 6E6043DE1A997E1000804AAB /* Timetable.swift */; };
		6E6043E11A997E1100804AAB /* Task.swift in Sources */ = {isa = PBXBuildFile; fileRef = 6E6043E01A997E1100804AAB /* Task.swift */; };
		6E6043E31A99811F00804AAB /* AddTimetable.swift in Sources */ = {isa = PBXBuildFile; fileRef = 6E6043E21A99811F00804AAB /* AddTimetable.swift */; };
		6E6043E51A99938400804AAB /* AddTasklist.swift in Sources */ = {isa = PBXBuildFile; fileRef = 6E6043E41A99938400804AAB /* AddTasklist.swift */; };
		6E6043E71A9995F100804AAB /* CoreManager.swift in Sources */ = {isa = PBXBuildFile; fileRef = 6E6043E61A9995F100804AAB /* CoreManager.swift */; };
		6E6043E91A99C8B700804AAB /* CustomViewCell.swift in Sources */ = {isa = PBXBuildFile; fileRef = 6E6043E81A99C8B700804AAB /* CustomViewCell.swift */; };
		6E6650B51A996DD200961D4B /* AppDelegate.swift in Sources */ = {isa = PBXBuildFile; fileRef = 6E6650B41A996DD200961D4B /* AppDelegate.swift */; };
		6E6650B81A996DD200961D4B /* Project01.xcdatamodeld in Sources */ = {isa = PBXBuildFile; fileRef = 6E6650B61A996DD200961D4B /* Project01.xcdatamodeld */; };
		6E6650BA1A996DD200961D4B /* ViewController.swift in Sources */ = {isa = PBXBuildFile; fileRef = 6E6650B91A996DD200961D4B /* ViewController.swift */; };
		6E6650BD1A996DD200961D4B /* Main.storyboard in Resources */ = {isa = PBXBuildFile; fileRef = 6E6650BB1A996DD200961D4B /* Main.storyboard */; };
		6E6650BF1A996DD200961D4B /* Images.xcassets in Resources */ = {isa = PBXBuildFile; fileRef = 6E6650BE1A996DD200961D4B /* Images.xcassets */; };
		6E6650C21A996DD200961D4B /* LaunchScreen.xib in Resources */ = {isa = PBXBuildFile; fileRef = 6E6650C01A996DD200961D4B /* LaunchScreen.xib */; };
		6E6650CE1A996DD200961D4B /* Project01Tests.swift in Sources */ = {isa = PBXBuildFile; fileRef = 6E6650CD1A996DD200961D4B /* Project01Tests.swift */; };
/* End PBXBuildFile section */

/* Begin PBXContainerItemProxy section */
		6E6650C81A996DD200961D4B /* PBXContainerItemProxy */ = {
			isa = PBXContainerItemProxy;
			containerPortal = 6E6650A71A996DD200961D4B /* Project object */;
			proxyType = 1;
			remoteGlobalIDString = 6E6650AE1A996DD200961D4B;
			remoteInfo = Project01;
		};
/* End PBXContainerItemProxy section */

/* Begin PBXFileReference section */
		6E6043D21A99741400804AAB /* ToDoViewControllwe.swift */ = {isa = PBXFileReference; fileEncoding = 4; lastKnownFileType = sourcecode.swift; path = ToDoViewControllwe.swift; sourceTree = "<group>"; };
		6E6043DE1A997E1000804AAB /* Timetable.swift */ = {isa = PBXFileReference; fileEncoding = 4; lastKnownFileType = sourcecode.swift; path = Timetable.swift; sourceTree = "<group>"; };
		6E6043E01A997E1100804AAB /* Task.swift */ = {isa = PBXFileReference; fileEncoding = 4; lastKnownFileType = sourcecode.swift; path = Task.swift; sourceTree = "<group>"; };
		6E6043E21A99811F00804AAB /* AddTimetable.swift */ = {isa = PBXFileReference; fileEncoding = 4; lastKnownFileType = sourcecode.swift; path = AddTimetable.swift; sourceTree = "<group>"; };
		6E6043E41A99938400804AAB /* AddTasklist.swift */ = {isa = PBXFileReference; fileEncoding = 4; lastKnownFileType = sourcecode.swift; path = AddTasklist.swift; sourceTree = "<group>"; };
		6E6043E61A9995F100804AAB /* CoreManager.swift */ = {isa = PBXFileReference; fileEncoding = 4; lastKnownFileType = sourcecode.swift; path = CoreManager.swift; sourceTree = "<group>"; };
		6E6043E81A99C8B700804AAB /* CustomViewCell.swift */ = {isa = PBXFileReference; fileEncoding = 4; lastKnownFileType = sourcecode.swift; path = CustomViewCell.swift; sourceTree = "<group>"; };
		6E6650AF1A996DD200961D4B /* Project01.app */ = {isa = PBXFileReference; explicitFileType = wrapper.application; includeInIndex = 0; path = Project01.app; sourceTree = BUILT_PRODUCTS_DIR; };
		6E6650B31A996DD200961D4B /* Info.plist */ = {isa = PBXFileReference; lastKnownFileType = text.plist.xml; path = Info.plist; sourceTree = "<group>"; };
		6E6650B41A996DD200961D4B /* AppDelegate.swift */ = {isa = PBXFileReference; lastKnownFileType = sourcecode.swift; path = AppDelegate.swift; sourceTree = "<group>"; };
		6E6650B71A996DD200961D4B /* Project01.xcdatamodel */ = {isa = PBXFileReference; lastKnownFileType = wrapper.xcdatamodel; path = Project01.xcdatamodel; sourceTree = "<group>"; };
		6E6650B91A996DD200961D4B /* ViewController.swift */ = {isa = PBXFileReference; lastKnownFileType = sourcecode.swift; path = ViewController.swift; sourceTree = "<group>"; };
		6E6650BC1A996DD200961D4B /* Base */ = {isa = PBXFileReference; lastKnownFileType = file.storyboard; name = Base; path = Base.lproj/Main.storyboard; sourceTree = "<group>"; };
		6E6650BE1A996DD200961D4B /* Images.xcassets */ = {isa = PBXFileReference; lastKnownFileType = folder.assetcatalog; path = Images.xcassets; sourceTree = "<group>"; };
		6E6650C11A996DD200961D4B /* Base */ = {isa = PBXFileReference; lastKnownFileType = file.xib; name = Base; path = Base.lproj/LaunchScreen.xib; sourceTree = "<group>"; };
		6E6650C71A996DD200961D4B /* Project01Tests.xctest */ = {isa = PBXFileReference; explicitFileType = wrapper.cfbundle; includeInIndex = 0; path = Project01Tests.xctest; sourceTree = BUILT_PRODUCTS_DIR; };
		6E6650CC1A996DD200961D4B /* Info.plist */ = {isa = PBXFileReference; lastKnownFileType = text.plist.xml; path = Info.plist; sourceTree = "<group>"; };
		6E6650CD1A996DD200961D4B /* Project01Tests.swift */ = {isa = PBXFileReference; lastKnownFileType = sourcecode.swift; path = Project01Tests.swift; sourceTree = "<group>"; };
/* End PBXFileReference section */

/* Begin PBXFrameworksBuildPhase section */
		6E6650AC1A996DD200961D4B /* Frameworks */ = {
			isa = PBXFrameworksBuildPhase;
			buildActionMask = 2147483647;
			files = (
			);
			runOnlyForDeploymentPostprocessing = 0;
		};
		6E6650C41A996DD200961D4B /* Frameworks */ = {
			isa = PBXFrameworksBuildPhase;
			buildActionMask = 2147483647;
			files = (
			);
			runOnlyForDeploymentPostprocessing = 0;
		};
/* End PBXFrameworksBuildPhase section */

/* Begin PBXGroup section */
		6E6650A61A996DD200961D4B = {
			isa = PBXGroup;
			children = (
				6E6650B11A996DD200961D4B /* Project01 */,
				6E6650CA1A996DD200961D4B /* Project01Tests */,
				6E6650B01A996DD200961D4B /* Products */,
			);
			sourceTree = "<group>";
		};
		6E6650B01A996DD200961D4B /* Products */ = {
			isa = PBXGroup;
			children = (
				6E6650AF1A996DD200961D4B /* Project01.app */,
				6E6650C71A996DD200961D4B /* Project01Tests.xctest */,
			);
			name = Products;
			sourceTree = "<group>";
		};
		6E6650B11A996DD200961D4B /* Project01 */ = {
			isa = PBXGroup;
			children = (
				6E6650B41A996DD200961D4B /* AppDelegate.swift */,
				6E6650B91A996DD200961D4B /* ViewController.swift */,
				6E6043D21A99741400804AAB /* ToDoViewControllwe.swift */,
				6E6043E21A99811F00804AAB /* AddTimetable.swift */,
				6E6043E41A99938400804AAB /* AddTasklist.swift */,
				6E6043E61A9995F100804AAB /* CoreManager.swift */,
				6E6650BB1A996DD200961D4B /* Main.storyboard */,
				6E6650BE1A996DD200961D4B /* Images.xcassets */,
				6E6650C01A996DD200961D4B /* LaunchScreen.xib */,
				6E6650B61A996DD200961D4B /* Project01.xcdatamodeld */,
				6E6043E01A997E1100804AAB /* Task.swift */,
				6E6043E81A99C8B700804AAB /* CustomViewCell.swift */,
				6E6043DE1A997E1000804AAB /* Timetable.swift */,
				6E6650B21A996DD200961D4B /* Supporting Files */,
			);
			path = Project01;
			sourceTree = "<group>";
		};
		6E6650B21A996DD200961D4B /* Supporting Files */ = {
			isa = PBXGroup;
			children = (
				6E6650B31A996DD200961D4B /* Info.plist */,
			);
			name = "Supporting Files";
			sourceTree = "<group>";
		};
		6E6650CA1A996DD200961D4B /* Project01Tests */ = {
			isa = PBXGroup;
			children = (
				6E6650CD1A996DD200961D4B /* Project01Tests.swift */,
				6E6650CB1A996DD200961D4B /* Supporting Files */,
			);
			path = Project01Tests;
			sourceTree = "<group>";
		};
		6E6650CB1A996DD200961D4B /* Supporting Files */ = {
			isa = PBXGroup;
			children = (
				6E6650CC1A996DD200961D4B /* Info.plist */,
			);
			name = "Supporting Files";
			sourceTree = "<group>";
		};
/* End PBXGroup section */

/* Begin PBXNativeTarget section */
		6E6650AE1A996DD200961D4B /* Project01 */ = {
			isa = PBXNativeTarget;
			buildConfigurationList = 6E6650D11A996DD200961D4B /* Build configuration list for PBXNativeTarget "Project01" */;
			buildPhases = (
				6E6650AB1A996DD200961D4B /* Sources */,
				6E6650AC1A996DD200961D4B /* Frameworks */,
				6E6650AD1A996DD200961D4B /* Resources */,
			);
			buildRules = (
			);
			dependencies = (
			);
			name = Project01;
			productName = Project01;
			productReference = 6E6650AF1A996DD200961D4B /* Project01.app */;
			productType = "com.apple.product-type.application";
		};
		6E6650C61A996DD200961D4B /* Project01Tests */ = {
			isa = PBXNativeTarget;
			buildConfigurationList = 6E6650D41A996DD200961D4B /* Build configuration list for PBXNativeTarget "Project01Tests" */;
			buildPhases = (
				6E6650C31A996DD200961D4B /* Sources */,
				6E6650C41A996DD200961D4B /* Frameworks */,
				6E6650C51A996DD200961D4B /* Resources */,
			);
			buildRules = (
			);
			dependencies = (
				6E6650C91A996DD200961D4B /* PBXTargetDependency */,
			);
			name = Project01Tests;
			productName = Project01Tests;
			productReference = 6E6650C71A996DD200961D4B /* Project01Tests.xctest */;
			productType = "com.apple.product-type.bundle.unit-test";
		};
/* End PBXNativeTarget section */

/* Begin PBXProject section */
		6E6650A71A996DD200961D4B /* Project object */ = {
			isa = PBXProject;
			attributes = {
				LastUpgradeCheck = 0610;
				ORGANIZATIONNAME = "Natsuki Sawasaki";
				TargetAttributes = {
					6E6650AE1A996DD200961D4B = {
						CreatedOnToolsVersion = 6.1.1;
					};
					6E6650C61A996DD200961D4B = {
						CreatedOnToolsVersion = 6.1.1;
						TestTargetID = 6E6650AE1A996DD200961D4B;
					};
				};
			};
			buildConfigurationList = 6E6650AA1A996DD200961D4B /* Build configuration list for PBXProject "Project01" */;
			compatibilityVersion = "Xcode 3.2";
			developmentRegion = English;
			hasScannedForEncodings = 0;
			knownRegions = (
				en,
				Base,
			);
			mainGroup = 6E6650A61A996DD200961D4B;
			productRefGroup = 6E6650B01A996DD200961D4B /* Products */;
			projectDirPath = "";
			projectRoot = "";
			targets = (
				6E6650AE1A996DD200961D4B /* Project01 */,
				6E6650C61A996DD200961D4B /* Project01Tests */,
			);
		};
/* End PBXProject section */

/* Begin PBXResourcesBuildPhase section */
		6E6650AD1A996DD200961D4B /* Resources */ = {
			isa = PBXResourcesBuildPhase;
			buildActionMask = 2147483647;
			files = (
				6E6650BD1A996DD200961D4B /* Main.storyboard in Resources */,
				6E6650C21A996DD200961D4B /* LaunchScreen.xib in Resources */,
				6E6650BF1A996DD200961D4B /* Images.xcassets in Resources */,
			);
			runOnlyForDeploymentPostprocessing = 0;
		};
		6E6650C51A996DD200961D4B /* Resources */ = {
			isa = PBXResourcesBuildPhase;
			buildActionMask = 2147483647;
			files = (
			);
			runOnlyForDeploymentPostprocessing = 0;
		};
/* End PBXResourcesBuildPhase section */

/* Begin PBXSourcesBuildPhase section */
		6E6650AB1A996DD200961D4B /* Sources */ = {
			isa = PBXSourcesBuildPhase;
			buildActionMask = 2147483647;
			files = (
				6E6650BA1A996DD200961D4B /* ViewController.swift in Sources */,
				6E6043E91A99C8B700804AAB /* CustomViewCell.swift in Sources */,
				6E6043DF1A997E1000804AAB /* Timetable.swift in Sources */,
				6E6043D31A99741400804AAB /* ToDoViewControllwe.swift in Sources */,
				6E6650B81A996DD200961D4B /* Project01.xcdatamodeld in Sources */,
				6E6043E51A99938400804AAB /* AddTasklist.swift in Sources */,
				6E6043E11A997E1100804AAB /* Task.swift in Sources */,
				6E6043E71A9995F100804AAB /* CoreManager.swift in Sources */,
				6E6650B51A996DD200961D4B /* AppDelegate.swift in Sources */,
				6E6043E31A99811F00804AAB /* AddTimetable.swift in Sources */,
			);
			runOnlyForDeploymentPostprocessing = 0;
		};
		6E6650C31A996DD200961D4B /* Sources */ = {
			isa = PBXSourcesBuildPhase;
			buildActionMask = 2147483647;
			files = (
				6E6650CE1A996DD200961D4B /* Project01Tests.swift in Sources */,
			);
			runOnlyForDeploymentPostprocessing = 0;
		};
/* End PBXSourcesBuildPhase section */

/* Begin PBXTargetDependency section */
		6E6650C91A996DD200961D4B /* PBXTargetDependency */ = {
			isa = PBXTargetDependency;
			target = 6E6650AE1A996DD200961D4B /* Project01 */;
			targetProxy = 6E6650C81A996DD200961D4B /* PBXContainerItemProxy */;
		};
/* End PBXTargetDependency section */

/* Begin PBXVariantGroup section */
		6E6650BB1A996DD200961D4B /* Main.storyboard */ = {
			isa = PBXVariantGroup;
			children = (
				6E6650BC1A996DD200961D4B /* Base */,
			);
			name = Main.storyboard;
			sourceTree = "<group>";
		};
		6E6650C01A996DD200961D4B /* LaunchScreen.xib */ = {
			isa = PBXVariantGroup;
			children = (
				6E6650C11A996DD200961D4B /* Base */,
			);
			name = LaunchScreen.xib;
			sourceTree = "<group>";
		};
/* End PBXVariantGroup section */

/* Begin XCBuildConfiguration section */
		6E6650CF1A996DD200961D4B /* Debug */ = {
			isa = XCBuildConfiguration;
			buildSettings = {
				ALWAYS_SEARCH_USER_PATHS = NO;
				CLANG_CXX_LANGUAGE_STANDARD = "gnu++0x";
				CLANG_CXX_LIBRARY = "libc++";
				CLANG_ENABLE_MODULES = YES;
				CLANG_ENABLE_OBJC_ARC = YES;
				CLANG_WARN_BOOL_CONVERSION = YES;
				CLANG_WARN_CONSTANT_CONVERSION = YES;
				CLANG_WARN_DIRECT_OBJC_ISA_USAGE = YES_ERROR;
				CLANG_WARN_EMPTY_BODY = YES;
				CLANG_WARN_ENUM_CONVERSION = YES;
				CLANG_WARN_INT_CONVERSION = YES;
				CLANG_WARN_OBJC_ROOT_CLASS = YES_ERROR;
				CLANG_WARN_UNREACHABLE_CODE = YES;
				CLANG_WARN__DUPLICATE_METHOD_MATCH = YES;
				"CODE_SIGN_IDENTITY[sdk=iphoneos*]" = "iPhone Developer";
				COPY_PHASE_STRIP = NO;
				ENABLE_STRICT_OBJC_MSGSEND = YES;
				GCC_C_LANGUAGE_STANDARD = gnu99;
				GCC_DYNAMIC_NO_PIC = NO;
				GCC_OPTIMIZATION_LEVEL = 0;
				GCC_PREPROCESSOR_DEFINITIONS = (
					"DEBUG=1",
					"$(inherited)",
				);
				GCC_SYMBOLS_PRIVATE_EXTERN = NO;
				GCC_WARN_64_TO_32_BIT_CONVERSION = YES;
				GCC_WARN_ABOUT_RETURN_TYPE = YES_ERROR;
				GCC_WARN_UNDECLARED_SELECTOR = YES;
				GCC_WARN_UNINITIALIZED_AUTOS = YES_AGGRESSIVE;
				GCC_WARN_UNUSED_FUNCTION = YES;
				GCC_WARN_UNUSED_VARIABLE = YES;
				IPHONEOS_DEPLOYMENT_TARGET = 8.1;
				MTL_ENABLE_DEBUG_INFO = YES;
				ONLY_ACTIVE_ARCH = YES;
				SDKROOT = iphoneos;
				SWIFT_OPTIMIZATION_LEVEL = "-Onone";
			};
			name = Debug;
		};
		6E6650D01A996DD200961D4B /* Release */ = {
			isa = XCBuildConfiguration;
			buildSettings = {
				ALWAYS_SEARCH_USER_PATHS = NO;
				CLANG_CXX_LANGUAGE_STANDARD = "gnu++0x";
				CLANG_CXX_LIBRARY = "libc++";
				CLANG_ENABLE_MODULES = YES;
				CLANG_ENABLE_OBJC_ARC = YES;
				CLANG_WARN_BOOL_CONVERSION = YES;
				CLANG_WARN_CONSTANT_CONVERSION = YES;
				CLANG_WARN_DIRECT_OBJC_ISA_USAGE = YES_ERROR;
				CLANG_WARN_EMPTY_BODY = YES;
				CLANG_WARN_ENUM_CONVERSION = YES;
				CLANG_WARN_INT_CONVERSION = YES;
				CLANG_WARN_OBJC_ROOT_CLASS = YES_ERROR;
				CLANG_WARN_UNREACHABLE_CODE = YES;
				CLANG_WARN__DUPLICATE_METHOD_MATCH = YES;
				"CODE_SIGN_IDENTITY[sdk=iphoneos*]" = "iPhone Developer";
				COPY_PHASE_STRIP = YES;
				ENABLE_NS_ASSERTIONS = NO;
				ENABLE_STRICT_OBJC_MSGSEND = YES;
				GCC_C_LANGUAGE_STANDARD = gnu99;
				GCC_WARN_64_TO_32_BIT_CONVERSION = YES;
				GCC_WARN_ABOUT_RETURN_TYPE = YES_ERROR;
				GCC_WARN_UNDECLARED_SELECTOR = YES;
				GCC_WARN_UNINITIALIZED_AUTOS = YES_AGGRESSIVE;
				GCC_WARN_UNUSED_FUNCTION = YES;
				GCC_WARN_UNUSED_VARIABLE = YES;
				IPHONEOS_DEPLOYMENT_TARGET = 8.1;
				MTL_ENABLE_DEBUG_INFO = NO;
				SDKROOT = iphoneos;
				VALIDATE_PRODUCT = YES;
			};
			name = Release;
		};
		6E6650D21A996DD200961D4B /* Debug */ = {
			isa = XCBuildConfiguration;
			buildSettings = {
				ASSETCATALOG_COMPILER_APPICON_NAME = AppIcon;
				INFOPLIST_FILE = Project01/Info.plist;
				LD_RUNPATH_SEARCH_PATHS = "$(inherited) @executable_path/Frameworks";
				PRODUCT_NAME = "$(TARGET_NAME)";
			};
			name = Debug;
		};
		6E6650D31A996DD200961D4B /* Release */ = {
			isa = XCBuildConfiguration;
			buildSettings = {
				ASSETCATALOG_COMPILER_APPICON_NAME = AppIcon;
				INFOPLIST_FILE = Project01/Info.plist;
				LD_RUNPATH_SEARCH_PATHS = "$(inherited) @executable_path/Frameworks";
				PRODUCT_NAME = "$(TARGET_NAME)";
			};
			name = Release;
		};
		6E6650D51A996DD200961D4B /* Debug */ = {
			isa = XCBuildConfiguration;
			buildSettings = {
				BUNDLE_LOADER = "$(TEST_HOST)";
				FRAMEWORK_SEARCH_PATHS = (
					"$(SDKROOT)/Developer/Library/Frameworks",
					"$(inherited)",
				);
				GCC_PREPROCESSOR_DEFINITIONS = (
					"DEBUG=1",
					"$(inherited)",
				);
				INFOPLIST_FILE = Project01Tests/Info.plist;
				LD_RUNPATH_SEARCH_PATHS = "$(inherited) @executable_path/Frameworks @loader_path/Frameworks";
				PRODUCT_NAME = "$(TARGET_NAME)";
				TEST_HOST = "$(BUILT_PRODUCTS_DIR)/Project01.app/Project01";
			};
			name = Debug;
		};
		6E6650D61A996DD200961D4B /* Release */ = {
			isa = XCBuildConfiguration;
			buildSettings = {
				BUNDLE_LOADER = "$(TEST_HOST)";
				FRAMEWORK_SEARCH_PATHS = (
					"$(SDKROOT)/Developer/Library/Frameworks",
					"$(inherited)",
				);
				INFOPLIST_FILE = Project01Tests/Info.plist;
				LD_RUNPATH_SEARCH_PATHS = "$(inherited) @executable_path/Frameworks @loader_path/Frameworks";
				PRODUCT_NAME = "$(TARGET_NAME)";
				TEST_HOST = "$(BUILT_PRODUCTS_DIR)/Project01.app/Project01";
			};
			name = Release;
		};
/* End XCBuildConfiguration section */

/* Begin XCConfigurationList section */
		6E6650AA1A996DD200961D4B /* Build configuration list for PBXProject "Project01" */ = {
			isa = XCConfigurationList;
			buildConfigurations = (
				6E6650CF1A996DD200961D4B /* Debug */,
				6E6650D01A996DD200961D4B /* Release */,
			);
			defaultConfigurationIsVisible = 0;
			defaultConfigurationName = Release;
		};
		6E6650D11A996DD200961D4B /* Build configuration list for PBXNativeTarget "Project01" */ = {
			isa = XCConfigurationList;
			buildConfigurations = (
				6E6650D21A996DD200961D4B /* Debug */,
				6E6650D31A996DD200961D4B /* Release */,
			);
			defaultConfigurationIsVisible = 0;
			defaultConfigurationName = Release;
		};
		6E6650D41A996DD200961D4B /* Build configuration list for PBXNativeTarget "Project01Tests" */ = {
			isa = XCConfigurationList;
			buildConfigurations = (
				6E6650D51A996DD200961D4B /* Debug */,
				6E6650D61A996DD200961D4B /* Release */,
			);
			defaultConfigurationIsVisible = 0;
			defaultConfigurationName = Release;
		};
/* End XCConfigurationList section */

/* Begin XCVersionGroup section */
		6E6650B61A996DD200961D4B /* Project01.xcdatamodeld */ = {
			isa = XCVersionGroup;
			children = (
				6E6650B71A996DD200961D4B /* Project01.xcdatamodel */,
			);
			currentVersion = 6E6650B71A996DD200961D4B /* Project01.xcdatamodel */;
			path = Project01.xcdatamodeld;
			sourceTree = "<group>";
			versionGroupType = wrapper.xcdatamodel;
		};
/* End XCVersionGroup section */
	};
	rootObject = 6E6650A71A996DD200961D4B /* Project object */;
}
